// !$*UTF8*$!
{
	archiveVersion = 1;
	classes = {
	};
	objectVersion = 46;
	objects = {

/* Begin PBXBuildFile section */
		15D588B3140B54D40027D4A0 /* UIKit.framework in Frameworks */ = {isa = PBXBuildFile; fileRef = 15D588B2140B54D40027D4A0 /* UIKit.framework */; };
		15D588B5140B54D40027D4A0 /* Foundation.framework in Frameworks */ = {isa = PBXBuildFile; fileRef = 15D588B4140B54D40027D4A0 /* Foundation.framework */; };
		15D588B7140B54D40027D4A0 /* CoreGraphics.framework in Frameworks */ = {isa = PBXBuildFile; fileRef = 15D588B6140B54D40027D4A0 /* CoreGraphics.framework */; };
		15D588BD140B54D40027D4A0 /* InfoPlist.strings in Resources */ = {isa = PBXBuildFile; fileRef = 15D588BB140B54D40027D4A0 /* InfoPlist.strings */; };
		15D588C0140B54D40027D4A0 /* main.m in Sources */ = {isa = PBXBuildFile; fileRef = 15D588BF140B54D40027D4A0 /* main.m */; };
		15D588C3140B54D40027D4A0 /* HypnosisterAppDelegate.m in Sources */ = {isa = PBXBuildFile; fileRef = 15D588C2140B54D40027D4A0 /* HypnosisterAppDelegate.m */; };
		15D588C6140B54D40027D4A0 /* MainWindow.xib in Resources */ = {isa = PBXBuildFile; fileRef = 15D588C4140B54D40027D4A0 /* MainWindow.xib */; };
/* End PBXBuildFile section */

/* Begin PBXFileReference section */
		15D588AE140B54D40027D4A0 /* Hypnosister.app */ = {isa = PBXFileReference; explicitFileType = wrapper.application; includeInIndex = 0; path = Hypnosister.app; sourceTree = BUILT_PRODUCTS_DIR; };
		15D588B2140B54D40027D4A0 /* UIKit.framework */ = {isa = PBXFileReference; lastKnownFileType = wrapper.framework; name = UIKit.framework; path = System/Library/Frameworks/UIKit.framework; sourceTree = SDKROOT; };
		15D588B4140B54D40027D4A0 /* Foundation.framework */ = {isa = PBXFileReference; lastKnownFileType = wrapper.framework; name = Foundation.framework; path = System/Library/Frameworks/Foundation.framework; sourceTree = SDKROOT; };
		15D588B6140B54D40027D4A0 /* CoreGraphics.framework */ = {isa = PBXFileReference; lastKnownFileType = wrapper.framework; name = CoreGraphics.framework; path = System/Library/Frameworks/CoreGraphics.framework; sourceTree = SDKROOT; };
		15D588BA140B54D40027D4A0 /* Hypnosister-Info.plist */ = {isa = PBXFileReference; path = "Hypnosister-Info.plist"; sourceTree = "<group>"; };
		15D588BC140B54D40027D4A0 /* en */ = {isa = PBXFileReference; lastKnownFileType = text.plist.strings; name = en; path = en.lproj/InfoPlist.strings; sourceTree = "<group>"; };
		15D588BE140B54D40027D4A0 /* Hypnosister-Prefix.pch */ = {isa = PBXFileReference; path = "Hypnosister-Prefix.pch"; sourceTree = "<group>"; };
		15D588BF140B54D40027D4A0 /* main.m */ = {isa = PBXFileReference; lastKnownFileType = sourcecode.c.objc; path = main.m; sourceTree = "<group>"; };
		15D588C1140B54D40027D4A0 /* HypnosisterAppDelegate.h */ = {isa = PBXFileReference; path = HypnosisterAppDelegate.h; sourceTree = "<group>"; };
		15D588C2140B54D40027D4A0 /* HypnosisterAppDelegate.m */ = {isa = PBXFileReference; lastKnownFileType = sourcecode.c.objc; path = HypnosisterAppDelegate.m; sourceTree = "<group>"; };
		15D588C5140B54D40027D4A0 /* en */ = {isa = PBXFileReference; lastKnownFileType = file.xib; name = en; path = en.lproj/MainWindow.xib; sourceTree = "<group>"; };
/* End PBXFileReference section */

/* Begin PBXFrameworksBuildPhase section */
		15D588AB140B54D40027D4A0 /* Frameworks */ = {
			isa = PBXFrameworksBuildPhase;
			buildActionMask = 2147483647;
			files = (
				15D588B3140B54D40027D4A0 /* UIKit.framework in Frameworks */,
				15D588B5140B54D40027D4A0 /* Foundation.framework in Frameworks */,
				15D588B7140B54D40027D4A0 /* CoreGraphics.framework in Frameworks */,
			);
			runOnlyForDeploymentPostprocessing = 0;
		};
/* End PBXFrameworksBuildPhase section */

/* Begin PBXGroup section */
		15D588A3140B54D40027D4A0 = {
			isa = PBXGroup;
			children = (
				15D588B8140B54D40027D4A0 /* Hypnosister */,
				15D588B1140B54D40027D4A0 /* Frameworks */,
				15D588AF140B54D40027D4A0 /* Products */,
			);
			sourceTree = "<group>";
		};
		15D588AF140B54D40027D4A0 /* Products */ = {
			isa = PBXGroup;
			children = (
				15D588AE140B54D40027D4A0 /* Hypnosister.app */,
			);
			name = Products;
			sourceTree = "<group>";
		};
		15D588B1140B54D40027D4A0 /* Frameworks */ = {
			isa = PBXGroup;
			children = (
				15D588B2140B54D40027D4A0 /* UIKit.framework */,
				15D588B4140B54D40027D4A0 /* Foundation.framework */,
				15D588B6140B54D40027D4A0 /* CoreGraphics.framework */,
			);
			name = Frameworks;
			sourceTree = "<group>";
		};
		15D588B8140B54D40027D4A0 /* Hypnosister */ = {
			isa = PBXGroup;
			children = (
				15D588C1140B54D40027D4A0 /* HypnosisterAppDelegate.h */,
				15D588C2140B54D40027D4A0 /* HypnosisterAppDelegate.m */,
				15D588C4140B54D40027D4A0 /* MainWindow.xib */,
				15D588B9140B54D40027D4A0 /* Supporting Files */,
			);
			path = Hypnosister;
			sourceTree = "<group>";
		};
		15D588B9140B54D40027D4A0 /* Supporting Files */ = {
			isa = PBXGroup;
			children = (
				15D588BA140B54D40027D4A0 /* Hypnosister-Info.plist */,
				15D588BB140B54D40027D4A0 /* InfoPlist.strings */,
				15D588BE140B54D40027D4A0 /* Hypnosister-Prefix.pch */,
				15D588BF140B54D40027D4A0 /* main.m */,
			);
			name = "Supporting Files";
			sourceTree = "<group>";
		};
/* End PBXGroup section */

/* Begin PBXNativeTarget section */
		15D588AD140B54D40027D4A0 /* Hypnosister */ = {
			isa = PBXNativeTarget;
			buildConfigurationList = 15D588C9140B54D40027D4A0 /* Build configuration list for PBXNativeTarget "Hypnosister" */;
			buildPhases = (
				15D588AA140B54D40027D4A0 /* Sources */,
				15D588AB140B54D40027D4A0 /* Frameworks */,
				15D588AC140B54D40027D4A0 /* Resources */,
			);
			buildRules = (
			);
			dependencies = (
			);
			name = Hypnosister;
			productName = Hypnosister;
			productReference = 15D588AE140B54D40027D4A0 /* Hypnosister.app */;
			productType = "com.apple.product-type.application";
		};
/* End PBXNativeTarget section */

/* Begin PBXProject section */
		15D588A5140B54D40027D4A0 /* Project object */ = {
			isa = PBXProject;
			buildConfigurationList = 15D588A8140B54D40027D4A0 /* Build configuration list for PBXProject "Hypnosister" */;
			compatibilityVersion = "Xcode 3.2";
			developmentRegion = English;
			hasScannedForEncodings = 0;
			knownRegions = (
				en,
			);
			mainGroup = 15D588A3140B54D40027D4A0;
			productRefGroup = 15D588AF140B54D40027D4A0 /* Products */;
			projectDirPath = "";
			projectRoot = "";
			targets = (
				15D588AD140B54D40027D4A0 /* Hypnosister */,
			);
		};
/* End PBXProject section */

/* Begin PBXResourcesBuildPhase section */
		15D588AC140B54D40027D4A0 /* Resources */ = {
			isa = PBXResourcesBuildPhase;
			buildActionMask = 2147483647;
			files = (
				15D588BD140B54D40027D4A0 /* InfoPlist.strings in Resources */,
				15D588C6140B54D40027D4A0 /* MainWindow.xib in Resources */,
			);
			runOnlyForDeploymentPostprocessing = 0;
		};
/* End PBXResourcesBuildPhase section */

/* Begin PBXSourcesBuildPhase section */
		15D588AA140B54D40027D4A0 /* Sources */ = {
			isa = PBXSourcesBuildPhase;
			buildActionMask = 2147483647;
			files = (
				15D588C0140B54D40027D4A0 /* main.m in Sources */,
				15D588C3140B54D40027D4A0 /* HypnosisterAppDelegate.m in Sources */,
			);
			runOnlyForDeploymentPostprocessing = 0;
		};
/* End PBXSourcesBuildPhase section */

/* Begin PBXVariantGroup section */
		15D588BB140B54D40027D4A0 /* InfoPlist.strings */ = {
			isa = PBXVariantGroup;
			children = (
				15D588BC140B54D40027D4A0 /* en */,
			);
			name = InfoPlist.strings;
			sourceTree = "<group>";
		};
		15D588C4140B54D40027D4A0 /* MainWindow.xib */ = {
			isa = PBXVariantGroup;
			children = (
				15D588C5140B54D40027D4A0 /* en */,
			);
			name = MainWindow.xib;
			sourceTree = "<group>";
		};
/* End PBXVariantGroup section */

/* Begin XCBuildConfiguration section */
		15D588C7140B54D40027D4A0 /* Debug */ = {
			isa = XCBuildConfiguration;
			buildSettings = {
				ARCHS = "$(ARCHS_STANDARD_32_BIT)";
				"CODE_SIGN_IDENTITY[sdk=iphoneos*]" = "iPhone Developer";
				GCC_C_LANGUAGE_STANDARD = gnu99;
				GCC_OPTIMIZATION_LEVEL = 0;
				GCC_PREPROCESSOR_DEFINITIONS = DEBUG;
				GCC_SYMBOLS_PRIVATE_EXTERN = NO;
				GCC_VERSION = com.apple.compilers.llvmgcc42;
				GCC_WARN_ABOUT_RETURN_TYPE = YES;
				GCC_WARN_UNUSED_VARIABLE = YES;
				IPHONEOS_DEPLOYMENT_TARGET = 4.3;
				SDKROOT = iphoneos;
			};
			name = Debug;
		};
		15D588C8140B54D40027D4A0 /* Release */ = {
			isa = XCBuildConfiguration;
			buildSettings = {
				ARCHS = "$(ARCHS_STANDARD_32_BIT)";
				"CODE_SIGN_IDENTITY[sdk=iphoneos*]" = "iPhone Developer";
				GCC_C_LANGUAGE_STANDARD = gnu99;
				GCC_VERSION = com.apple.compilers.llvmgcc42;
				GCC_WARN_ABOUT_RETURN_TYPE = YES;
				GCC_WARN_UNUSED_VARIABLE = YES;
				IPHONEOS_DEPLOYMENT_TARGET = 4.3;
				OTHER_CFLAGS = "-DNS_BLOCK_ASSERTIONS=1";
				SDKROOT = iphoneos;
			};
			name = Release;
		};
		15D588CA140B54D40027D4A0 /* Debug */ = {
			isa = XCBuildConfiguration;
			buildSettings = {
				ALWAYS_SEARCH_USER_PATHS = NO;
				COPY_PHASE_STRIP = NO;
				GCC_DYNAMIC_NO_PIC = NO;
				GCC_PRECOMPILE_PREFIX_HEADER = YES;
				GCC_PREFIX_HEADER = "Hypnosister/Hypnosister-Prefix.pch";
				INFOPLIST_FILE = "Hypnosister/Hypnosister-Info.plist";
				PRODUCT_NAME = "$(TARGET_NAME)";
				WRAPPER_EXTENSION = app;
			};
			name = Debug;
		};
		15D588CB140B54D40027D4A0 /* Release */ = {
			isa = XCBuildConfiguration;
			buildSettings = {
				ALWAYS_SEARCH_USER_PATHS = NO;
				COPY_PHASE_STRIP = YES;
				GCC_PRECOMPILE_PREFIX_HEADER = YES;
				GCC_PREFIX_HEADER = "Hypnosister/Hypnosister-Prefix.pch";
				INFOPLIST_FILE = "Hypnosister/Hypnosister-Info.plist";
				PRODUCT_NAME = "$(TARGET_NAME)";
				VALIDATE_PRODUCT = YES;
				WRAPPER_EXTENSION = app;
			};
			name = Release;
		};
/* End XCBuildConfiguration section */

/* Begin XCConfigurationList section */
		15D588A8140B54D40027D4A0 /* Build configuration list for PBXProject "Hypnosister" */ = {
			isa = XCConfigurationList;
			buildConfigurations = (
				15D588C7140B54D40027D4A0 /* Debug */,
				15D588C8140B54D40027D4A0 /* Release */,
			);
			defaultConfigurationIsVisible = 0;
			defaultConfigurationName = Release;
		};
		15D588C9140B54D40027D4A0 /* Build configuration list for PBXNativeTarget "Hypnosister" */ = {
			isa = XCConfigurationList;
			buildConfigurations = (
				15D588CA140B54D40027D4A0 /* Debug */,
				15D588CB140B54D40027D4A0 /* Release */,
			);
			defaultConfigurationIsVisible = 0;
		};
/* End XCConfigurationList section */
	};
	rootObject = 15D588A5140B54D40027D4A0 /* Project object */;
}
